id: advoqpsk_trigger
label: trigger
category: '[advoqpsk]'

templates:
  imports: from gnuradio import advoqpsk
  make: advoqpsk.trigger(${ccThreshold})

parameters:
- id: ccThreshold
  label: CCT
  dtype: float

inputs:
- label: sig
  domain: stream
  dtype: complex
- label: pwr
  domain: stream
  dtype: float
#  vlen: ...
#  optional: ...

outputs:
- label: trigger
  domain: stream
  dtype: byte
#  vlen: ...
#  optional: ...

#  'file_format' specifies the version of the GRC yml format used in the file
#  and should usually not be changed.
file_format: 1
