id: advoqpsk_decode
label: decode
category: '[advoqpsk]'

templates:
  imports: from gnuradio import advoqpsk
  make: advoqpsk.decode(${ifDebug})

parameters:
- id: ifDebug
  label: debug
  dtype: bool

inputs:
- label: sig
  domain: stream
  dtype: complex
- label: cfo
  domain: stream
  dtype: float
- label: sync
  domain: stream
  dtype: int
#  vlen: ...
#  optional: ...

outputs:
- domain: message
  id: out

#  'file_format' specifies the version of the GRC yml format used in the file
#  and should usually not be changed.
file_format: 1
