id: advoqpsk_powerstep
label: powerstep
category: '[advoqpsk]'

templates:
  imports: from gnuradio import advoqpsk
  make: advoqpsk.powerstep()

inputs:
- label: sig
  domain: stream
  dtype: float
#  vlen: ...
#  optional: ...

outputs:
- label: sig
  domain: stream
  dtype: float
#  vlen: ...
#  optional: ...

#  'file_format' specifies the version of the GRC yml format used in the file
#  and should usually not be changed.
file_format: 1
